
Microsoft Visual Studio Solution File, Format Version 12.00
# Visual Studio Version 16
VisualStudioVersion = 16.0.29519.181
MinimumVisualStudioVersion = 10.0.40219.1
Project("{888888A0-9F3D-457C-B088-3A5042F75D52}") = "eBayWebScrapingwithPythonandBeautifulSoup", "eBayWebScrapingwithPythonandBeautifulSoup.pyproj", "{2C69E2B5-D554-4323-9179-14257A0007C7}"
EndProject
Global
	GlobalSection(SolutionConfigurationPlatforms) = preSolution
		Debug|Any CPU = Debug|Any CPU
		Release|Any CPU = Release|Any CPU
	EndGlobalSection
	GlobalSection(ProjectConfigurationPlatforms) = postSolution
		{2C69E2B5-D554-4323-9179-14257A0007C7}.Debug|Any CPU.ActiveCfg = Debug|Any CPU
		{2C69E2B5-D554-4323-9179-14257A0007C7}.Release|Any CPU.ActiveCfg = Release|Any CPU
	EndGlobalSection
	GlobalSection(SolutionProperties) = preSolution
		HideSolutionNode = FALSE
	EndGlobalSection
	GlobalSection(ExtensibilityGlobals) = postSolution
		SolutionGuid = {4657FC4B-22A4-4870-B30F-F9BB59480C8E}
	EndGlobalSection
EndGlobal
